{
  "nodes": {
    "extra-container": {
      "inputs": {
        "flake-utils": "flake-utils",
        "nixpkgs": [
          "nixpkgs"
        ]
      },
      "locked": {
        "lastModified": 1667229260,
        "narHash": "sha256-+J7woVK3pnMwHvJSrB0kYKWqEB4yYDqBcFFg8IhIFhw=",
        "owner": "erikarvstedt",
        "repo": "extra-container",
        "rev": "3fce6c52bad520110c570c8ec5f02e2e6b93ce68",
        "type": "github"
      },
      "original": {
        "owner": "erikarvstedt",
        "repo": "extra-container",
        "type": "github"
      }
    },
    "flake-utils": {
      "locked": {
        "lastModified": 1659877975,
        "narHash": "sha256-zllb8aq3YO3h8B/U0/J1WBgAL8EX5yWf5pMj3G0NAmc=",
        "owner": "numtide",
        "repo": "flake-utils",
        "rev": "c0e246b9b83f637f4681389ecabcb2681b4f3af0",
        "type": "github"
      },
      "original": {
        "owner": "numtide",
        "repo": "flake-utils",
        "type": "github"
      }
    },
    "nixpkgs": {
      "locked": {
        "lastModified": 1667231093,
        "narHash": "sha256-RERXruzBEBuf0c7OfZeX1hxEKB+PTCUNxWeB6C1jd8Y=",
        "owner": "nixos",
        "repo": "nixpkgs",
        "rev": "d40fea9aeb8840fea0d377baa4b38e39b9582458",
        "type": "github"
      },
      "original": {
        "owner": "nixos",
        "ref": "nixos-unstable",
        "repo": "nixpkgs",
        "type": "github"
      }
    },
    "root": {
      "inputs": {
        "extra-container": "extra-container",
        "nixpkgs": "nixpkgs"
      }
    }
  },
  "root": "root",
  "version": 7
}
